
Microsoft Visual Studio Solution File, Format Version 12.00
# Visual Studio 15
VisualStudioVersion = 15.0.28307.902
MinimumVisualStudioVersion = 10.0.40219.1
Project("{FAE04EC0-301F-11D3-BF4B-00C04F79EFBC}") = "Hado.PL", "Hado.PL\Hado.PL.csproj", "{7F7268E5-1A22-464D-8E8C-175EA33B0EBB}"
	ProjectSection(ProjectDependencies) = postProject
		{1808A095-C557-47BC-BC7E-12D6A09224F3} = {1808A095-C557-47BC-BC7E-12D6A09224F3}
	EndProjectSection
EndProject
Project("{FAE04EC0-301F-11D3-BF4B-00C04F79EFBC}") = "Hado.BL", "Hado.BL\Hado.BL.csproj", "{06331261-3697-4AD7-9BAD-55AC92EBF42F}"
EndProject
Project("{FAE04EC0-301F-11D3-BF4B-00C04F79EFBC}") = "Hado.DL", "Hado.DL\Hado.DL.csproj", "{FAE52595-D09E-4A47-B7BB-77D3B17AC404}"
EndProject
Project("{FAE04EC0-301F-11D3-BF4B-00C04F79EFBC}") = "Hado.SL", "Hado.SL\Hado.SL.csproj", "{1808A095-C557-47BC-BC7E-12D6A09224F3}"
EndProject
Global
	GlobalSection(SolutionConfigurationPlatforms) = preSolution
		Debug|Any CPU = Debug|Any CPU
		Release|Any CPU = Release|Any CPU
	EndGlobalSection
	GlobalSection(ProjectConfigurationPlatforms) = postSolution
		{7F7268E5-1A22-464D-8E8C-175EA33B0EBB}.Debug|Any CPU.ActiveCfg = Debug|Any CPU
		{7F7268E5-1A22-464D-8E8C-175EA33B0EBB}.Debug|Any CPU.Build.0 = Debug|Any CPU
		{7F7268E5-1A22-464D-8E8C-175EA33B0EBB}.Release|Any CPU.ActiveCfg = Release|Any CPU
		{7F7268E5-1A22-464D-8E8C-175EA33B0EBB}.Release|Any CPU.Build.0 = Release|Any CPU
		{06331261-3697-4AD7-9BAD-55AC92EBF42F}.Debug|Any CPU.ActiveCfg = Debug|Any CPU
		{06331261-3697-4AD7-9BAD-55AC92EBF42F}.Debug|Any CPU.Build.0 = Debug|Any CPU
		{06331261-3697-4AD7-9BAD-55AC92EBF42F}.Release|Any CPU.ActiveCfg = Release|Any CPU
		{06331261-3697-4AD7-9BAD-55AC92EBF42F}.Release|Any CPU.Build.0 = Release|Any CPU
		{FAE52595-D09E-4A47-B7BB-77D3B17AC404}.Debug|Any CPU.ActiveCfg = Debug|Any CPU
		{FAE52595-D09E-4A47-B7BB-77D3B17AC404}.Debug|Any CPU.Build.0 = Debug|Any CPU
		{FAE52595-D09E-4A47-B7BB-77D3B17AC404}.Release|Any CPU.ActiveCfg = Release|Any CPU
		{FAE52595-D09E-4A47-B7BB-77D3B17AC404}.Release|Any CPU.Build.0 = Release|Any CPU
		{1808A095-C557-47BC-BC7E-12D6A09224F3}.Debug|Any CPU.ActiveCfg = Debug|Any CPU
		{1808A095-C557-47BC-BC7E-12D6A09224F3}.Debug|Any CPU.Build.0 = Debug|Any CPU
		{1808A095-C557-47BC-BC7E-12D6A09224F3}.Release|Any CPU.ActiveCfg = Release|Any CPU
		{1808A095-C557-47BC-BC7E-12D6A09224F3}.Release|Any CPU.Build.0 = Release|Any CPU
	EndGlobalSection
	GlobalSection(SolutionProperties) = preSolution
		HideSolutionNode = FALSE
	EndGlobalSection
	GlobalSection(ExtensibilityGlobals) = postSolution
		SolutionGuid = {13A7BDE4-0039-488F-86A5-37C0F4C5CAA2}
	EndGlobalSection
	GlobalSection(TeamFoundationVersionControl) = preSolution
		SccNumberOfProjects = 5
		SccEnterpriseProvider = {4CA58AB2-18FA-4F8D-95D4-32DDF27D184C}
		SccTeamFoundationServer = https://dev.azure.com/hakan1181
		SccLocalPath0 = .
		SccProjectUniqueName1 = Hado.PL\\Hado.PL.csproj
		SccProjectName1 = Hado.PL
		SccLocalPath1 = Hado.PL
		SccProjectUniqueName2 = Hado.BL\\Hado.BL.csproj
		SccProjectName2 = Hado.BL
		SccLocalPath2 = Hado.BL
		SccProjectUniqueName3 = Hado.DL\\Hado.DL.csproj
		SccProjectName3 = Hado.DL
		SccLocalPath3 = Hado.DL
		SccProjectUniqueName4 = Hado.SL\\Hado.SL.csproj
		SccProjectName4 = Hado.SL
		SccLocalPath4 = Hado.SL
	EndGlobalSection
EndGlobal
